
Microsoft Visual Studio Solution File, Format Version 12.00
# Visual Studio Version 17
VisualStudioVersion = 17.0.31903.59
MinimumVisualStudioVersion = 10.0.40219.1
Project("{2150E333-8FDC-42A3-9474-1A3956D46DE8}") = "src", "src", "{2F8664E4-030C-4341-9172-7B8170FFA45F}"
EndProject
Project("{FAE04EC0-301F-11D3-BF4B-00C04F79EFBC}") = "Program", "src\Program\Program.csproj", "{39418FC6-467B-49BF-9D69-F6C6DD88432C}"
EndProject
Global
	GlobalSection(SolutionConfigurationPlatforms) = preSolution
		Debug|Any CPU = Debug|Any CPU
		Release|Any CPU = Release|Any CPU
	EndGlobalSection
	GlobalSection(ProjectConfigurationPlatforms) = postSolution
		{0FB5E1FE-A719-4E03-937F-B5F6E9FADB23}.Debug|Any CPU.ActiveCfg = Debug|Any CPU
		{0FB5E1FE-A719-4E03-937F-B5F6E9FADB23}.Debug|Any CPU.Build.0 = Debug|Any CPU
		{0FB5E1FE-A719-4E03-937F-B5F6E9FADB23}.Release|Any CPU.ActiveCfg = Release|Any CPU
		{0FB5E1FE-A719-4E03-937F-B5F6E9FADB23}.Release|Any CPU.Build.0 = Release|Any CPU
		{39418FC6-467B-49BF-9D69-F6C6DD88432C}.Debug|Any CPU.ActiveCfg = Debug|Any CPU
		{39418FC6-467B-49BF-9D69-F6C6DD88432C}.Debug|Any CPU.Build.0 = Debug|Any CPU
		{39418FC6-467B-49BF-9D69-F6C6DD88432C}.Release|Any CPU.ActiveCfg = Release|Any CPU
		{39418FC6-467B-49BF-9D69-F6C6DD88432C}.Release|Any CPU.Build.0 = Release|Any CPU
	EndGlobalSection
	GlobalSection(SolutionProperties) = preSolution
		HideSolutionNode = FALSE
	EndGlobalSection
	GlobalSection(ExtensibilityGlobals) = postSolution
		SolutionGuid = {C99BDDD1-B0D9-4A1B-902A-8151AD64FDDA}
	EndGlobalSection
	GlobalSection(NestedProjects) = preSolution
		{39418FC6-467B-49BF-9D69-F6C6DD88432C} = {2F8664E4-030C-4341-9172-7B8170FFA45F}
	EndGlobalSection
EndGlobal
